
Microsoft Visual Studio Solution File, Format Version 12.00
# Visual Studio Version 17
VisualStudioVersion = 17.0.31903.59
MinimumVisualStudioVersion = 10.0.40219.1
Project("{FAE04EC0-301F-11D3-BF4B-00C04F79EFBC}") = "API", "API\API.csproj", "{C30DCCEE-3962-4F28-AE91-7C98EBE7A25B}"
EndProject
Project("{FAE04EC0-301F-11D3-BF4B-00C04F79EFBC}") = "Application", "Application\Application.csproj", "{5F8C3A78-ADA9-4CB4-BBD6-5AB3361CF2A3}"
EndProject
Project("{FAE04EC0-301F-11D3-BF4B-00C04F79EFBC}") = "Domain", "Domain\Domain.csproj", "{E6594C12-B3DE-4E02-B7F8-196A337065CE}"
EndProject
Project("{FAE04EC0-301F-11D3-BF4B-00C04F79EFBC}") = "Persistence", "Persistence\Persistence.csproj", "{92199CAC-9703-4F6D-BAA0-3191F0B1FB8F}"
EndProject
Global
	GlobalSection(SolutionConfigurationPlatforms) = preSolution
		Debug|Any CPU = Debug|Any CPU
		Release|Any CPU = Release|Any CPU
	EndGlobalSection
	GlobalSection(SolutionProperties) = preSolution
		HideSolutionNode = FALSE
	EndGlobalSection
	GlobalSection(ProjectConfigurationPlatforms) = postSolution
		{C30DCCEE-3962-4F28-AE91-7C98EBE7A25B}.Debug|Any CPU.ActiveCfg = Debug|Any CPU
		{C30DCCEE-3962-4F28-AE91-7C98EBE7A25B}.Debug|Any CPU.Build.0 = Debug|Any CPU
		{C30DCCEE-3962-4F28-AE91-7C98EBE7A25B}.Release|Any CPU.ActiveCfg = Release|Any CPU
		{C30DCCEE-3962-4F28-AE91-7C98EBE7A25B}.Release|Any CPU.Build.0 = Release|Any CPU
		{5F8C3A78-ADA9-4CB4-BBD6-5AB3361CF2A3}.Debug|Any CPU.ActiveCfg = Debug|Any CPU
		{5F8C3A78-ADA9-4CB4-BBD6-5AB3361CF2A3}.Debug|Any CPU.Build.0 = Debug|Any CPU
		{5F8C3A78-ADA9-4CB4-BBD6-5AB3361CF2A3}.Release|Any CPU.ActiveCfg = Release|Any CPU
		{5F8C3A78-ADA9-4CB4-BBD6-5AB3361CF2A3}.Release|Any CPU.Build.0 = Release|Any CPU
		{E6594C12-B3DE-4E02-B7F8-196A337065CE}.Debug|Any CPU.ActiveCfg = Debug|Any CPU
		{E6594C12-B3DE-4E02-B7F8-196A337065CE}.Debug|Any CPU.Build.0 = Debug|Any CPU
		{E6594C12-B3DE-4E02-B7F8-196A337065CE}.Release|Any CPU.ActiveCfg = Release|Any CPU
		{E6594C12-B3DE-4E02-B7F8-196A337065CE}.Release|Any CPU.Build.0 = Release|Any CPU
		{92199CAC-9703-4F6D-BAA0-3191F0B1FB8F}.Debug|Any CPU.ActiveCfg = Debug|Any CPU
		{92199CAC-9703-4F6D-BAA0-3191F0B1FB8F}.Debug|Any CPU.Build.0 = Debug|Any CPU
		{92199CAC-9703-4F6D-BAA0-3191F0B1FB8F}.Release|Any CPU.ActiveCfg = Release|Any CPU
		{92199CAC-9703-4F6D-BAA0-3191F0B1FB8F}.Release|Any CPU.Build.0 = Release|Any CPU
	EndGlobalSection
EndGlobal
